
Microsoft Visual Studio Solution File, Format Version 12.00
# Visual Studio Version 16
VisualStudioVersion = 25.0.1704.0
MinimumVisualStudioVersion = 10.0.40219.1
Project("{FAE04EC0-301F-11D3-BF4B-00C04F79EFBC}") = "PersonalWebsite", "PersonalWebsite\PersonalWebsite.csproj", "{C0D6F121-1837-4774-B3F7-F177E4AC779D}"
EndProject
Global
	GlobalSection(SolutionConfigurationPlatforms) = preSolution
		Debug|Any CPU = Debug|Any CPU
		Release|Any CPU = Release|Any CPU
	EndGlobalSection
	GlobalSection(ProjectConfigurationPlatforms) = postSolution
		{C0D6F121-1837-4774-B3F7-F177E4AC779D}.Debug|Any CPU.ActiveCfg = Debug|Any CPU
		{C0D6F121-1837-4774-B3F7-F177E4AC779D}.Debug|Any CPU.Build.0 = Debug|Any CPU
		{C0D6F121-1837-4774-B3F7-F177E4AC779D}.Release|Any CPU.ActiveCfg = Release|Any CPU
		{C0D6F121-1837-4774-B3F7-F177E4AC779D}.Release|Any CPU.Build.0 = Release|Any CPU
	EndGlobalSection
	GlobalSection(SolutionProperties) = preSolution
		HideSolutionNode = FALSE
	EndGlobalSection
	GlobalSection(ExtensibilityGlobals) = postSolution
		SolutionGuid = {81DC8A7B-E80C-4434-BC5D-6BC9514C2898}
	EndGlobalSection
EndGlobal
