
Microsoft Visual Studio Solution File, Format Version 12.00
# Visual Studio Version 16
VisualStudioVersion = 25.0.1704.0
MinimumVisualStudioVersion = 10.0.40219.1
Project("{FAE04EC0-301F-11D3-BF4B-00C04F79EFBC}") = "Api", "Api.csproj", "{8ABA0660-2D7E-44E0-901C-FF04F492311B}"
EndProject
Global
	GlobalSection(SolutionConfigurationPlatforms) = preSolution
		Debug|Any CPU = Debug|Any CPU
		Release|Any CPU = Release|Any CPU
	EndGlobalSection
	GlobalSection(ProjectConfigurationPlatforms) = postSolution
		{8ABA0660-2D7E-44E0-901C-FF04F492311B}.Debug|Any CPU.ActiveCfg = Debug|Any CPU
		{8ABA0660-2D7E-44E0-901C-FF04F492311B}.Debug|Any CPU.Build.0 = Debug|Any CPU
		{8ABA0660-2D7E-44E0-901C-FF04F492311B}.Release|Any CPU.ActiveCfg = Release|Any CPU
		{8ABA0660-2D7E-44E0-901C-FF04F492311B}.Release|Any CPU.Build.0 = Release|Any CPU
	EndGlobalSection
	GlobalSection(SolutionProperties) = preSolution
		HideSolutionNode = FALSE
	EndGlobalSection
	GlobalSection(ExtensibilityGlobals) = postSolution
		SolutionGuid = {D98D6E0E-3F72-4B35-8A35-034EF54E24B4}
	EndGlobalSection
EndGlobal
